
Microsoft Visual Studio Solution File, Format Version 12.00
# Visual Studio 15
VisualStudioVersion = 15.0.28010.2046
MinimumVisualStudioVersion = 10.0.40219.1
Project("{9A19103F-16F7-4668-BE54-9A1E7A4F7556}") = "PeterKottas.DotNetCore.RequestResponse", "..\Source\PeterKottas.DotNetCore.RequestResponse\PeterKottas.DotNetCore.RequestResponse.csproj", "{19F85232-0FED-439E-90BF-BDCD6567F2B3}"
EndProject
Project("{9A19103F-16F7-4668-BE54-9A1E7A4F7556}") = "PeterKottas.DotNetCore.RequestResponse.Example", "..\Source\PeterKottas.DotNetCore.RequestResponse.Example\PeterKottas.DotNetCore.RequestResponse.Example.csproj", "{3F56FC81-7EE5-45E8-864D-5865E3B05D4A}"
EndProject
Project("{9A19103F-16F7-4668-BE54-9A1E7A4F7556}") = "PeterKottas.DotNetCore.RequestResponse.Extensions.SerializedJourney", "..\Source\PeterKottas.DotNetCore.RequestResponse.Extensions.SerializedJourney\PeterKottas.DotNetCore.RequestResponse.Extensions.SerializedJourney.csproj", "{CA48AA33-3747-4986-9643-11EB94ED60C2}"
EndProject
Global
	GlobalSection(SolutionConfigurationPlatforms) = preSolution
		Debug|Any CPU = Debug|Any CPU
		Release|Any CPU = Release|Any CPU
	EndGlobalSection
	GlobalSection(ProjectConfigurationPlatforms) = postSolution
		{19F85232-0FED-439E-90BF-BDCD6567F2B3}.Debug|Any CPU.ActiveCfg = Debug|Any CPU
		{19F85232-0FED-439E-90BF-BDCD6567F2B3}.Debug|Any CPU.Build.0 = Debug|Any CPU
		{19F85232-0FED-439E-90BF-BDCD6567F2B3}.Release|Any CPU.ActiveCfg = Release|Any CPU
		{19F85232-0FED-439E-90BF-BDCD6567F2B3}.Release|Any CPU.Build.0 = Release|Any CPU
		{3F56FC81-7EE5-45E8-864D-5865E3B05D4A}.Debug|Any CPU.ActiveCfg = Debug|Any CPU
		{3F56FC81-7EE5-45E8-864D-5865E3B05D4A}.Debug|Any CPU.Build.0 = Debug|Any CPU
		{3F56FC81-7EE5-45E8-864D-5865E3B05D4A}.Release|Any CPU.ActiveCfg = Release|Any CPU
		{3F56FC81-7EE5-45E8-864D-5865E3B05D4A}.Release|Any CPU.Build.0 = Release|Any CPU
		{CA48AA33-3747-4986-9643-11EB94ED60C2}.Debug|Any CPU.ActiveCfg = Debug|Any CPU
		{CA48AA33-3747-4986-9643-11EB94ED60C2}.Debug|Any CPU.Build.0 = Debug|Any CPU
		{CA48AA33-3747-4986-9643-11EB94ED60C2}.Release|Any CPU.ActiveCfg = Release|Any CPU
		{CA48AA33-3747-4986-9643-11EB94ED60C2}.Release|Any CPU.Build.0 = Release|Any CPU
	EndGlobalSection
	GlobalSection(SolutionProperties) = preSolution
		HideSolutionNode = FALSE
	EndGlobalSection
	GlobalSection(ExtensibilityGlobals) = postSolution
		SolutionGuid = {53CF0919-861E-4B53-A5B9-47CD8B57E45D}
	EndGlobalSection
EndGlobal
